
Microsoft Visual Studio Solution File, Format Version 12.00
# Visual Studio Version 16
VisualStudioVersion = 16.0.29230.47
MinimumVisualStudioVersion = 10.0.40219.1
Project("{8BC9CEB8-8B4A-11D0-8D11-00A0C91BC942}") = "Expand", "Expand\Expand.vcxproj", "{EABC4223-CFA8-4560-9803-01598A588DFB}"
EndProject
Global
	GlobalSection(SolutionConfigurationPlatforms) = preSolution
		Debug|x64 = Debug|x64
		Debug|x86 = Debug|x86
		Release|x64 = Release|x64
		Release|x86 = Release|x86
	EndGlobalSection
	GlobalSection(ProjectConfigurationPlatforms) = postSolution
		{EABC4223-CFA8-4560-9803-01598A588DFB}.Debug|x64.ActiveCfg = Debug|x64
		{EABC4223-CFA8-4560-9803-01598A588DFB}.Debug|x64.Build.0 = Debug|x64
		{EABC4223-CFA8-4560-9803-01598A588DFB}.Debug|x86.ActiveCfg = Debug|Win32
		{EABC4223-CFA8-4560-9803-01598A588DFB}.Debug|x86.Build.0 = Debug|Win32
		{EABC4223-CFA8-4560-9803-01598A588DFB}.Release|x64.ActiveCfg = Release|x64
		{EABC4223-CFA8-4560-9803-01598A588DFB}.Release|x64.Build.0 = Release|x64
		{EABC4223-CFA8-4560-9803-01598A588DFB}.Release|x86.ActiveCfg = Release|Win32
		{EABC4223-CFA8-4560-9803-01598A588DFB}.Release|x86.Build.0 = Release|Win32
	EndGlobalSection
	GlobalSection(SolutionProperties) = preSolution
		HideSolutionNode = FALSE
	EndGlobalSection
	GlobalSection(ExtensibilityGlobals) = postSolution
		SolutionGuid = {7E250CF9-FD3A-4096-9EE3-46897A734682}
	EndGlobalSection
EndGlobal
